# This file is automatically @generated by Cargo.
# It is not intended for manual editing.
version = 4

[[package]]
name = "ashta-core"
version = "0.1.0"

[[package]]
name = "ashta-index"
version = "0.1.0"
dependencies = [
 "ashta-core",
]

[[package]]
name = "ashta-ingest"
version = "0.1.0"
dependencies = [
 "ashta-core",
 "ashta-log",
 "ashta-query",
]

[[package]]
name = "ashta-log"
version = "0.1.0"
dependencies = [
 "ashta-core",
 "ashta-index",
]

[[package]]
name = "ashta-observe"
version = "0.1.0"

[[package]]
name = "ashta-query"
version = "0.1.0"
dependencies = [
 "ashta-core",
 "ashta-index",
 "ashta-log",
]

[[package]]
name = "ashta-replay"
version = "0.1.0"
dependencies = [
 "ashta-core",
 "ashta-index",
 "ashta-ingest",
 "ashta-log",
]
